// !$*UTF8*$!
{
	archiveVersion = 1;
	classes = {
	};
	objectVersion = 56;
	objects = {

/* Begin PBXBuildFile section */
		E328E95E2952268900BCC496 /* ColorPaletteView.swift in Sources */ = {isa = PBXBuildFile; fileRef = E328E95D2952268900BCC496 /* ColorPaletteView.swift */; };
		E328E9602952290000BCC496 /* ColorSliderView.swift in Sources */ = {isa = PBXBuildFile; fileRef = E328E95F2952290000BCC496 /* ColorSliderView.swift */; };
		E328E96229522DC300BCC496 /* ColorPaletteItemModel.swift in Sources */ = {isa = PBXBuildFile; fileRef = E328E96129522DC300BCC496 /* ColorPaletteItemModel.swift */; };
		E328E9642952312E00BCC496 /* UIColor+RGBAComponents.swift in Sources */ = {isa = PBXBuildFile; fileRef = E328E9632952312E00BCC496 /* UIColor+RGBAComponents.swift */; };
		E38B503C2950F23500C29954 /* NotesPresenter.swift in Sources */ = {isa = PBXBuildFile; fileRef = E38B502F2950F23500C29954 /* NotesPresenter.swift */; };
		E38B503D2950F23500C29954 /* NoteSection.swift in Sources */ = {isa = PBXBuildFile; fileRef = E38B50312950F23500C29954 /* NoteSection.swift */; };
		E38B503E2950F23500C29954 /* ShortNote.swift in Sources */ = {isa = PBXBuildFile; fileRef = E38B50322950F23500C29954 /* ShortNote.swift */; };
		E38B503F2950F23500C29954 /* NoteTableViewCell.swift in Sources */ = {isa = PBXBuildFile; fileRef = E38B50352950F23500C29954 /* NoteTableViewCell.swift */; };
		E38B50402950F23500C29954 /* InputNoteTableViewCell.swift in Sources */ = {isa = PBXBuildFile; fileRef = E38B50362950F23500C29954 /* InputNoteTableViewCell.swift */; };
		E38B50412950F23500C29954 /* NotesViewController.swift in Sources */ = {isa = PBXBuildFile; fileRef = E38B50372950F23500C29954 /* NotesViewController.swift */; };
		E38B50422950F23500C29954 /* NotesModuleConfigurator.swift in Sources */ = {isa = PBXBuildFile; fileRef = E38B50392950F23500C29954 /* NotesModuleConfigurator.swift */; };
		E38B50432950F23500C29954 /* NotesRouter.swift in Sources */ = {isa = PBXBuildFile; fileRef = E38B503B2950F23500C29954 /* NotesRouter.swift */; };
		E38B50452950F25B00C29954 /* UITableView+Extension.swift in Sources */ = {isa = PBXBuildFile; fileRef = E38B50442950F25B00C29954 /* UITableView+Extension.swift */; };
		E38B50472950F27900C29954 /* Array+Safe.swift in Sources */ = {isa = PBXBuildFile; fileRef = E38B50462950F27900C29954 /* Array+Safe.swift */; };
		E38B504A2950F32200C29954 /* WelcomeButtonModel.swift in Sources */ = {isa = PBXBuildFile; fileRef = E38B50492950F32200C29954 /* WelcomeButtonModel.swift */; };
		E3DE80652950B41D0016770A /* AppDelegate.swift in Sources */ = {isa = PBXBuildFile; fileRef = E3DE80642950B41D0016770A /* AppDelegate.swift */; };
		E3DE80672950B41D0016770A /* SceneDelegate.swift in Sources */ = {isa = PBXBuildFile; fileRef = E3DE80662950B41D0016770A /* SceneDelegate.swift */; };
		E3DE806E2950B41E0016770A /* Assets.xcassets in Resources */ = {isa = PBXBuildFile; fileRef = E3DE806D2950B41E0016770A /* Assets.xcassets */; };
		E3DE80712950B41E0016770A /* LaunchScreen.storyboard in Resources */ = {isa = PBXBuildFile; fileRef = E3DE806F2950B41E0016770A /* LaunchScreen.storyboard */; };
		E3DE807A2950B4EC0016770A /* SnapKit in Frameworks */ = {isa = PBXBuildFile; productRef = E3DE80792950B4EC0016770A /* SnapKit */; };
		E3DE807F2950B6E60016770A /* WelcomePresenter.swift in Sources */ = {isa = PBXBuildFile; fileRef = E3DE807B2950B6E60016770A /* WelcomePresenter.swift */; };
		E3DE80802950B6E60016770A /* WelcomeRouter.swift in Sources */ = {isa = PBXBuildFile; fileRef = E3DE807C2950B6E60016770A /* WelcomeRouter.swift */; };
		E3DE80812950B6E60016770A /* WelcomeViewController.swift in Sources */ = {isa = PBXBuildFile; fileRef = E3DE807D2950B6E60016770A /* WelcomeViewController.swift */; };
		E3DE80822950B6E60016770A /* WelcomeModuleConfigurator.swift in Sources */ = {isa = PBXBuildFile; fileRef = E3DE807E2950B6E60016770A /* WelcomeModuleConfigurator.swift */; };
		E3DE80852950B8470016770A /* UIView+Extension.swift in Sources */ = {isa = PBXBuildFile; fileRef = E3DE80842950B8470016770A /* UIView+Extension.swift */; };
/* End PBXBuildFile section */

/* Begin PBXFileReference section */
		E328E95D2952268900BCC496 /* ColorPaletteView.swift */ = {isa = PBXFileReference; lastKnownFileType = sourcecode.swift; path = ColorPaletteView.swift; sourceTree = "<group>"; };
		E328E95F2952290000BCC496 /* ColorSliderView.swift */ = {isa = PBXFileReference; lastKnownFileType = sourcecode.swift; path = ColorSliderView.swift; sourceTree = "<group>"; };
		E328E96129522DC300BCC496 /* ColorPaletteItemModel.swift */ = {isa = PBXFileReference; lastKnownFileType = sourcecode.swift; path = ColorPaletteItemModel.swift; sourceTree = "<group>"; };
		E328E9632952312E00BCC496 /* UIColor+RGBAComponents.swift */ = {isa = PBXFileReference; lastKnownFileType = sourcecode.swift; path = "UIColor+RGBAComponents.swift"; sourceTree = "<group>"; };
		E38B502F2950F23500C29954 /* NotesPresenter.swift */ = {isa = PBXFileReference; fileEncoding = 4; lastKnownFileType = sourcecode.swift; path = NotesPresenter.swift; sourceTree = "<group>"; };
		E38B50312950F23500C29954 /* NoteSection.swift */ = {isa = PBXFileReference; fileEncoding = 4; lastKnownFileType = sourcecode.swift; path = NoteSection.swift; sourceTree = "<group>"; };
		E38B50322950F23500C29954 /* ShortNote.swift */ = {isa = PBXFileReference; fileEncoding = 4; lastKnownFileType = sourcecode.swift; path = ShortNote.swift; sourceTree = "<group>"; };
		E38B50352950F23500C29954 /* NoteTableViewCell.swift */ = {isa = PBXFileReference; fileEncoding = 4; lastKnownFileType = sourcecode.swift; path = NoteTableViewCell.swift; sourceTree = "<group>"; };
		E38B50362950F23500C29954 /* InputNoteTableViewCell.swift */ = {isa = PBXFileReference; fileEncoding = 4; lastKnownFileType = sourcecode.swift; path = InputNoteTableViewCell.swift; sourceTree = "<group>"; };
		E38B50372950F23500C29954 /* NotesViewController.swift */ = {isa = PBXFileReference; fileEncoding = 4; lastKnownFileType = sourcecode.swift; path = NotesViewController.swift; sourceTree = "<group>"; };
		E38B50392950F23500C29954 /* NotesModuleConfigurator.swift */ = {isa = PBXFileReference; fileEncoding = 4; lastKnownFileType = sourcecode.swift; path = NotesModuleConfigurator.swift; sourceTree = "<group>"; };
		E38B503B2950F23500C29954 /* NotesRouter.swift */ = {isa = PBXFileReference; fileEncoding = 4; lastKnownFileType = sourcecode.swift; path = NotesRouter.swift; sourceTree = "<group>"; };
		E38B50442950F25B00C29954 /* UITableView+Extension.swift */ = {isa = PBXFileReference; lastKnownFileType = sourcecode.swift; path = "UITableView+Extension.swift"; sourceTree = "<group>"; };
		E38B50462950F27900C29954 /* Array+Safe.swift */ = {isa = PBXFileReference; lastKnownFileType = sourcecode.swift; path = "Array+Safe.swift"; sourceTree = "<group>"; };
		E38B50492950F32200C29954 /* WelcomeButtonModel.swift */ = {isa = PBXFileReference; lastKnownFileType = sourcecode.swift; path = WelcomeButtonModel.swift; sourceTree = "<group>"; };
		E3DE80612950B41D0016770A /* PW2.app */ = {isa = PBXFileReference; explicitFileType = wrapper.application; includeInIndex = 0; path = PW2.app; sourceTree = BUILT_PRODUCTS_DIR; };
		E3DE80642950B41D0016770A /* AppDelegate.swift */ = {isa = PBXFileReference; lastKnownFileType = sourcecode.swift; path = AppDelegate.swift; sourceTree = "<group>"; };
		E3DE80662950B41D0016770A /* SceneDelegate.swift */ = {isa = PBXFileReference; lastKnownFileType = sourcecode.swift; path = SceneDelegate.swift; sourceTree = "<group>"; };
		E3DE806D2950B41E0016770A /* Assets.xcassets */ = {isa = PBXFileReference; lastKnownFileType = folder.assetcatalog; path = Assets.xcassets; sourceTree = "<group>"; };
		E3DE80702950B41E0016770A /* Base */ = {isa = PBXFileReference; lastKnownFileType = file.storyboard; name = Base; path = Base.lproj/LaunchScreen.storyboard; sourceTree = "<group>"; };
		E3DE80722950B41E0016770A /* Info.plist */ = {isa = PBXFileReference; lastKnownFileType = text.plist.xml; path = Info.plist; sourceTree = "<group>"; };
		E3DE807B2950B6E60016770A /* WelcomePresenter.swift */ = {isa = PBXFileReference; lastKnownFileType = sourcecode.swift; path = WelcomePresenter.swift; sourceTree = "<group>"; };
		E3DE807C2950B6E60016770A /* WelcomeRouter.swift */ = {isa = PBXFileReference; lastKnownFileType = sourcecode.swift; path = WelcomeRouter.swift; sourceTree = "<group>"; };
		E3DE807D2950B6E60016770A /* WelcomeViewController.swift */ = {isa = PBXFileReference; lastKnownFileType = sourcecode.swift; path = WelcomeViewController.swift; sourceTree = "<group>"; };
		E3DE807E2950B6E60016770A /* WelcomeModuleConfigurator.swift */ = {isa = PBXFileReference; lastKnownFileType = sourcecode.swift; path = WelcomeModuleConfigurator.swift; sourceTree = "<group>"; };
		E3DE80842950B8470016770A /* UIView+Extension.swift */ = {isa = PBXFileReference; lastKnownFileType = sourcecode.swift; path = "UIView+Extension.swift"; sourceTree = "<group>"; };
/* End PBXFileReference section */

/* Begin PBXFrameworksBuildPhase section */
		E3DE805E2950B41D0016770A /* Frameworks */ = {
			isa = PBXFrameworksBuildPhase;
			buildActionMask = 2147483647;
			files = (
				E3DE807A2950B4EC0016770A /* SnapKit in Frameworks */,
			);
			runOnlyForDeploymentPostprocessing = 0;
		};
/* End PBXFrameworksBuildPhase section */

/* Begin PBXGroup section */
		E38B502D2950F23500C29954 /* Notes */ = {
			isa = PBXGroup;
			children = (
				E38B502E2950F23500C29954 /* Presenter */,
				E38B50302950F23500C29954 /* Model */,
				E38B50332950F23500C29954 /* View */,
				E38B50382950F23500C29954 /* Configurator */,
				E38B503A2950F23500C29954 /* Router */,
			);
			path = Notes;
			sourceTree = "<group>";
		};
		E38B502E2950F23500C29954 /* Presenter */ = {
			isa = PBXGroup;
			children = (
				E38B502F2950F23500C29954 /* NotesPresenter.swift */,
			);
			path = Presenter;
			sourceTree = "<group>";
		};
		E38B50302950F23500C29954 /* Model */ = {
			isa = PBXGroup;
			children = (
				E38B50312950F23500C29954 /* NoteSection.swift */,
				E38B50322950F23500C29954 /* ShortNote.swift */,
			);
			path = Model;
			sourceTree = "<group>";
		};
		E38B50332950F23500C29954 /* View */ = {
			isa = PBXGroup;
			children = (
				E38B50342950F23500C29954 /* Cells */,
				E38B50372950F23500C29954 /* NotesViewController.swift */,
			);
			path = View;
			sourceTree = "<group>";
		};
		E38B50342950F23500C29954 /* Cells */ = {
			isa = PBXGroup;
			children = (
				E38B50352950F23500C29954 /* NoteTableViewCell.swift */,
				E38B50362950F23500C29954 /* InputNoteTableViewCell.swift */,
			);
			path = Cells;
			sourceTree = "<group>";
		};
		E38B50382950F23500C29954 /* Configurator */ = {
			isa = PBXGroup;
			children = (
				E38B50392950F23500C29954 /* NotesModuleConfigurator.swift */,
			);
			path = Configurator;
			sourceTree = "<group>";
		};
		E38B503A2950F23500C29954 /* Router */ = {
			isa = PBXGroup;
			children = (
				E38B503B2950F23500C29954 /* NotesRouter.swift */,
			);
			path = Router;
			sourceTree = "<group>";
		};
		E38B50482950F2F900C29954 /* Model */ = {
			isa = PBXGroup;
			children = (
				E38B50492950F32200C29954 /* WelcomeButtonModel.swift */,
			);
			path = Model;
			sourceTree = "<group>";
		};
		E3DE80582950B41D0016770A = {
			isa = PBXGroup;
			children = (
				E3DE80632950B41D0016770A /* PW2 */,
				E3DE80622950B41D0016770A /* Products */,
			);
			sourceTree = "<group>";
		};
		E3DE80622950B41D0016770A /* Products */ = {
			isa = PBXGroup;
			children = (
				E3DE80612950B41D0016770A /* PW2.app */,
			);
			name = Products;
			sourceTree = "<group>";
		};
		E3DE80632950B41D0016770A /* PW2 */ = {
			isa = PBXGroup;
			children = (
				E3DE808C2950EC300016770A /* UI */,
				E3DE80862950EB020016770A /* Module */,
				E3DE80832950B7F70016770A /* Extension */,
				E3DE80642950B41D0016770A /* AppDelegate.swift */,
				E3DE80662950B41D0016770A /* SceneDelegate.swift */,
				E3DE806D2950B41E0016770A /* Assets.xcassets */,
				E3DE806F2950B41E0016770A /* LaunchScreen.storyboard */,
				E3DE80722950B41E0016770A /* Info.plist */,
			);
			path = PW2;
			sourceTree = "<group>";
		};
		E3DE80832950B7F70016770A /* Extension */ = {
			isa = PBXGroup;
			children = (
				E3DE80842950B8470016770A /* UIView+Extension.swift */,
				E38B50442950F25B00C29954 /* UITableView+Extension.swift */,
				E38B50462950F27900C29954 /* Array+Safe.swift */,
				E328E9632952312E00BCC496 /* UIColor+RGBAComponents.swift */,
			);
			path = Extension;
			sourceTree = "<group>";
		};
		E3DE80862950EB020016770A /* Module */ = {
			isa = PBXGroup;
			children = (
				E38B502D2950F23500C29954 /* Notes */,
				E3DE80872950EB080016770A /* Welcome */,
			);
			path = Module;
			sourceTree = "<group>";
		};
		E3DE80872950EB080016770A /* Welcome */ = {
			isa = PBXGroup;
			children = (
				E38B50482950F2F900C29954 /* Model */,
				E3DE808B2950EB260016770A /* Configurator */,
				E3DE808A2950EB1E0016770A /* Rouner */,
				E3DE80892950EB180016770A /* View */,
				E3DE80882950EB110016770A /* Presenter */,
			);
			path = Welcome;
			sourceTree = "<group>";
		};
		E3DE80882950EB110016770A /* Presenter */ = {
			isa = PBXGroup;
			children = (
				E3DE807B2950B6E60016770A /* WelcomePresenter.swift */,
			);
			path = Presenter;
			sourceTree = "<group>";
		};
		E3DE80892950EB180016770A /* View */ = {
			isa = PBXGroup;
			children = (
				E3DE807D2950B6E60016770A /* WelcomeViewController.swift */,
			);
			path = View;
			sourceTree = "<group>";
		};
		E3DE808A2950EB1E0016770A /* Rouner */ = {
			isa = PBXGroup;
			children = (
				E3DE807C2950B6E60016770A /* WelcomeRouter.swift */,
			);
			path = Rouner;
			sourceTree = "<group>";
		};
		E3DE808B2950EB260016770A /* Configurator */ = {
			isa = PBXGroup;
			children = (
				E3DE807E2950B6E60016770A /* WelcomeModuleConfigurator.swift */,
			);
			path = Configurator;
			sourceTree = "<group>";
		};
		E3DE808C2950EC300016770A /* UI */ = {
			isa = PBXGroup;
			children = (
				E3DE808D2950EC3C0016770A /* ColorPaletteView */,
			);
			path = UI;
			sourceTree = "<group>";
		};
		E3DE808D2950EC3C0016770A /* ColorPaletteView */ = {
			isa = PBXGroup;
			children = (
				E328E95D2952268900BCC496 /* ColorPaletteView.swift */,
				E328E95F2952290000BCC496 /* ColorSliderView.swift */,
				E328E96129522DC300BCC496 /* ColorPaletteItemModel.swift */,
			);
			path = ColorPaletteView;
			sourceTree = "<group>";
		};
/* End PBXGroup section */

/* Begin PBXNativeTarget section */
		E3DE80602950B41D0016770A /* PW2 */ = {
			isa = PBXNativeTarget;
			buildConfigurationList = E3DE80752950B41E0016770A /* Build configuration list for PBXNativeTarget "PW2" */;
			buildPhases = (
				E3DE805D2950B41D0016770A /* Sources */,
				E3DE805E2950B41D0016770A /* Frameworks */,
				E3DE805F2950B41D0016770A /* Resources */,
			);
			buildRules = (
			);
			dependencies = (
			);
			name = PW2;
			packageProductDependencies = (
				E3DE80792950B4EC0016770A /* SnapKit */,
			);
			productName = PW2;
			productReference = E3DE80612950B41D0016770A /* PW2.app */;
			productType = "com.apple.product-type.application";
		};
/* End PBXNativeTarget section */

/* Begin PBXProject section */
		E3DE80592950B41D0016770A /* Project object */ = {
			isa = PBXProject;
			attributes = {
				BuildIndependentTargetsInParallel = 1;
				LastSwiftUpdateCheck = 1400;
				LastUpgradeCheck = 1400;
				TargetAttributes = {
					E3DE80602950B41D0016770A = {
						CreatedOnToolsVersion = 14.0;
					};
				};
			};
			buildConfigurationList = E3DE805C2950B41D0016770A /* Build configuration list for PBXProject "PW2" */;
			compatibilityVersion = "Xcode 14.0";
			developmentRegion = en;
			hasScannedForEncodings = 0;
			knownRegions = (
				en,
				Base,
			);
			mainGroup = E3DE80582950B41D0016770A;
			packageReferences = (
				E3DE80782950B4EC0016770A /* XCRemoteSwiftPackageReference "SnapKit" */,
			);
			productRefGroup = E3DE80622950B41D0016770A /* Products */;
			projectDirPath = "";
			projectRoot = "";
			targets = (
				E3DE80602950B41D0016770A /* PW2 */,
			);
		};
/* End PBXProject section */

/* Begin PBXResourcesBuildPhase section */
		E3DE805F2950B41D0016770A /* Resources */ = {
			isa = PBXResourcesBuildPhase;
			buildActionMask = 2147483647;
			files = (
				E3DE80712950B41E0016770A /* LaunchScreen.storyboard in Resources */,
				E3DE806E2950B41E0016770A /* Assets.xcassets in Resources */,
			);
			runOnlyForDeploymentPostprocessing = 0;
		};
/* End PBXResourcesBuildPhase section */

/* Begin PBXSourcesBuildPhase section */
		E3DE805D2950B41D0016770A /* Sources */ = {
			isa = PBXSourcesBuildPhase;
			buildActionMask = 2147483647;
			files = (
				E38B50402950F23500C29954 /* InputNoteTableViewCell.swift in Sources */,
				E38B503C2950F23500C29954 /* NotesPresenter.swift in Sources */,
				E38B50422950F23500C29954 /* NotesModuleConfigurator.swift in Sources */,
				E3DE80822950B6E60016770A /* WelcomeModuleConfigurator.swift in Sources */,
				E3DE80852950B8470016770A /* UIView+Extension.swift in Sources */,
				E328E9602952290000BCC496 /* ColorSliderView.swift in Sources */,
				E3DE807F2950B6E60016770A /* WelcomePresenter.swift in Sources */,
				E38B503E2950F23500C29954 /* ShortNote.swift in Sources */,
				E38B503D2950F23500C29954 /* NoteSection.swift in Sources */,
				E38B50412950F23500C29954 /* NotesViewController.swift in Sources */,
				E3DE80652950B41D0016770A /* AppDelegate.swift in Sources */,
				E38B50432950F23500C29954 /* NotesRouter.swift in Sources */,
				E328E96229522DC300BCC496 /* ColorPaletteItemModel.swift in Sources */,
				E328E9642952312E00BCC496 /* UIColor+RGBAComponents.swift in Sources */,
				E3DE80812950B6E60016770A /* WelcomeViewController.swift in Sources */,
				E3DE80802950B6E60016770A /* WelcomeRouter.swift in Sources */,
				E3DE80672950B41D0016770A /* SceneDelegate.swift in Sources */,
				E38B50472950F27900C29954 /* Array+Safe.swift in Sources */,
				E38B503F2950F23500C29954 /* NoteTableViewCell.swift in Sources */,
				E38B504A2950F32200C29954 /* WelcomeButtonModel.swift in Sources */,
				E38B50452950F25B00C29954 /* UITableView+Extension.swift in Sources */,
				E328E95E2952268900BCC496 /* ColorPaletteView.swift in Sources */,
			);
			runOnlyForDeploymentPostprocessing = 0;
		};
/* End PBXSourcesBuildPhase section */

/* Begin PBXVariantGroup section */
		E3DE806F2950B41E0016770A /* LaunchScreen.storyboard */ = {
			isa = PBXVariantGroup;
			children = (
				E3DE80702950B41E0016770A /* Base */,
			);
			name = LaunchScreen.storyboard;
			sourceTree = "<group>";
		};
/* End PBXVariantGroup section */

/* Begin XCBuildConfiguration section */
		E3DE80732950B41E0016770A /* Debug */ = {
			isa = XCBuildConfiguration;
			buildSettings = {
				ALWAYS_SEARCH_USER_PATHS = NO;
				CLANG_ANALYZER_NONNULL = YES;
				CLANG_ANALYZER_NUMBER_OBJECT_CONVERSION = YES_AGGRESSIVE;
				CLANG_CXX_LANGUAGE_STANDARD = "gnu++20";
				CLANG_ENABLE_MODULES = YES;
				CLANG_ENABLE_OBJC_ARC = YES;
				CLANG_ENABLE_OBJC_WEAK = YES;
				CLANG_WARN_BLOCK_CAPTURE_AUTORELEASING = YES;
				CLANG_WARN_BOOL_CONVERSION = YES;
				CLANG_WARN_COMMA = YES;
				CLANG_WARN_CONSTANT_CONVERSION = YES;
				CLANG_WARN_DEPRECATED_OBJC_IMPLEMENTATIONS = YES;
				CLANG_WARN_DIRECT_OBJC_ISA_USAGE = YES_ERROR;
				CLANG_WARN_DOCUMENTATION_COMMENTS = YES;
				CLANG_WARN_EMPTY_BODY = YES;
				CLANG_WARN_ENUM_CONVERSION = YES;
				CLANG_WARN_INFINITE_RECURSION = YES;
				CLANG_WARN_INT_CONVERSION = YES;
				CLANG_WARN_NON_LITERAL_NULL_CONVERSION = YES;
				CLANG_WARN_OBJC_IMPLICIT_RETAIN_SELF = YES;
				CLANG_WARN_OBJC_LITERAL_CONVERSION = YES;
				CLANG_WARN_OBJC_ROOT_CLASS = YES_ERROR;
				CLANG_WARN_QUOTED_INCLUDE_IN_FRAMEWORK_HEADER = YES;
				CLANG_WARN_RANGE_LOOP_ANALYSIS = YES;
				CLANG_WARN_STRICT_PROTOTYPES = YES;
				CLANG_WARN_SUSPICIOUS_MOVE = YES;
				CLANG_WARN_UNGUARDED_AVAILABILITY = YES_AGGRESSIVE;
				CLANG_WARN_UNREACHABLE_CODE = YES;
				CLANG_WARN__DUPLICATE_METHOD_MATCH = YES;
				COPY_PHASE_STRIP = NO;
				DEBUG_INFORMATION_FORMAT = dwarf;
				ENABLE_STRICT_OBJC_MSGSEND = YES;
				ENABLE_TESTABILITY = YES;
				GCC_C_LANGUAGE_STANDARD = gnu11;
				GCC_DYNAMIC_NO_PIC = NO;
				GCC_NO_COMMON_BLOCKS = YES;
				GCC_OPTIMIZATION_LEVEL = 0;
				GCC_PREPROCESSOR_DEFINITIONS = (
					"DEBUG=1",
					"$(inherited)",
				);
				GCC_WARN_64_TO_32_BIT_CONVERSION = YES;
				GCC_WARN_ABOUT_RETURN_TYPE = YES_ERROR;
				GCC_WARN_UNDECLARED_SELECTOR = YES;
				GCC_WARN_UNINITIALIZED_AUTOS = YES_AGGRESSIVE;
				GCC_WARN_UNUSED_FUNCTION = YES;
				GCC_WARN_UNUSED_VARIABLE = YES;
				IPHONEOS_DEPLOYMENT_TARGET = 16.0;
				MTL_ENABLE_DEBUG_INFO = INCLUDE_SOURCE;
				MTL_FAST_MATH = YES;
				ONLY_ACTIVE_ARCH = YES;
				SDKROOT = iphoneos;
				SWIFT_ACTIVE_COMPILATION_CONDITIONS = DEBUG;
				SWIFT_OPTIMIZATION_LEVEL = "-Onone";
			};
			name = Debug;
		};
		E3DE80742950B41E0016770A /* Release */ = {
			isa = XCBuildConfiguration;
			buildSettings = {
				ALWAYS_SEARCH_USER_PATHS = NO;
				CLANG_ANALYZER_NONNULL = YES;
				CLANG_ANALYZER_NUMBER_OBJECT_CONVERSION = YES_AGGRESSIVE;
				CLANG_CXX_LANGUAGE_STANDARD = "gnu++20";
				CLANG_ENABLE_MODULES = YES;
				CLANG_ENABLE_OBJC_ARC = YES;
				CLANG_ENABLE_OBJC_WEAK = YES;
				CLANG_WARN_BLOCK_CAPTURE_AUTORELEASING = YES;
				CLANG_WARN_BOOL_CONVERSION = YES;
				CLANG_WARN_COMMA = YES;
				CLANG_WARN_CONSTANT_CONVERSION = YES;
				CLANG_WARN_DEPRECATED_OBJC_IMPLEMENTATIONS = YES;
				CLANG_WARN_DIRECT_OBJC_ISA_USAGE = YES_ERROR;
				CLANG_WARN_DOCUMENTATION_COMMENTS = YES;
				CLANG_WARN_EMPTY_BODY = YES;
				CLANG_WARN_ENUM_CONVERSION = YES;
				CLANG_WARN_INFINITE_RECURSION = YES;
				CLANG_WARN_INT_CONVERSION = YES;
				CLANG_WARN_NON_LITERAL_NULL_CONVERSION = YES;
				CLANG_WARN_OBJC_IMPLICIT_RETAIN_SELF = YES;
				CLANG_WARN_OBJC_LITERAL_CONVERSION = YES;
				CLANG_WARN_OBJC_ROOT_CLASS = YES_ERROR;
				CLANG_WARN_QUOTED_INCLUDE_IN_FRAMEWORK_HEADER = YES;
				CLANG_WARN_RANGE_LOOP_ANALYSIS = YES;
				CLANG_WARN_STRICT_PROTOTYPES = YES;
				CLANG_WARN_SUSPICIOUS_MOVE = YES;
				CLANG_WARN_UNGUARDED_AVAILABILITY = YES_AGGRESSIVE;
				CLANG_WARN_UNREACHABLE_CODE = YES;
				CLANG_WARN__DUPLICATE_METHOD_MATCH = YES;
				COPY_PHASE_STRIP = NO;
				DEBUG_INFORMATION_FORMAT = "dwarf-with-dsym";
				ENABLE_NS_ASSERTIONS = NO;
				ENABLE_STRICT_OBJC_MSGSEND = YES;
				GCC_C_LANGUAGE_STANDARD = gnu11;
				GCC_NO_COMMON_BLOCKS = YES;
				GCC_WARN_64_TO_32_BIT_CONVERSION = YES;
				GCC_WARN_ABOUT_RETURN_TYPE = YES_ERROR;
				GCC_WARN_UNDECLARED_SELECTOR = YES;
				GCC_WARN_UNINITIALIZED_AUTOS = YES_AGGRESSIVE;
				GCC_WARN_UNUSED_FUNCTION = YES;
				GCC_WARN_UNUSED_VARIABLE = YES;
				IPHONEOS_DEPLOYMENT_TARGET = 16.0;
				MTL_ENABLE_DEBUG_INFO = NO;
				MTL_FAST_MATH = YES;
				SDKROOT = iphoneos;
				SWIFT_COMPILATION_MODE = wholemodule;
				SWIFT_OPTIMIZATION_LEVEL = "-O";
				VALIDATE_PRODUCT = YES;
			};
			name = Release;
		};
		E3DE80762950B41E0016770A /* Debug */ = {
			isa = XCBuildConfiguration;
			buildSettings = {
				ASSETCATALOG_COMPILER_APPICON_NAME = AppIcon;
				ASSETCATALOG_COMPILER_GLOBAL_ACCENT_COLOR_NAME = AccentColor;
				CODE_SIGN_STYLE = Automatic;
				CURRENT_PROJECT_VERSION = 1;
				DEVELOPMENT_TEAM = LJQ6356456;
				GENERATE_INFOPLIST_FILE = YES;
				INFOPLIST_FILE = PW2/Info.plist;
				INFOPLIST_KEY_UIApplicationSupportsIndirectInputEvents = YES;
				INFOPLIST_KEY_UILaunchStoryboardName = LaunchScreen;
				INFOPLIST_KEY_UISupportedInterfaceOrientations_iPad = "UIInterfaceOrientationPortrait UIInterfaceOrientationPortraitUpsideDown UIInterfaceOrientationLandscapeLeft UIInterfaceOrientationLandscapeRight";
				INFOPLIST_KEY_UISupportedInterfaceOrientations_iPhone = "UIInterfaceOrientationPortrait UIInterfaceOrientationLandscapeLeft UIInterfaceOrientationLandscapeRight";
				LD_RUNPATH_SEARCH_PATHS = (
					"$(inherited)",
					"@executable_path/Frameworks",
				);
				MARKETING_VERSION = 1.0;
				PRODUCT_BUNDLE_IDENTIFIER = ru.hse.cs.PW2;
				PRODUCT_NAME = "$(TARGET_NAME)";
				SWIFT_EMIT_LOC_STRINGS = YES;
				SWIFT_VERSION = 5.0;
				TARGETED_DEVICE_FAMILY = "1,2";
			};
			name = Debug;
		};
		E3DE80772950B41E0016770A /* Release */ = {
			isa = XCBuildConfiguration;
			buildSettings = {
				ASSETCATALOG_COMPILER_APPICON_NAME = AppIcon;
				ASSETCATALOG_COMPILER_GLOBAL_ACCENT_COLOR_NAME = AccentColor;
				CODE_SIGN_STYLE = Automatic;
				CURRENT_PROJECT_VERSION = 1;
				DEVELOPMENT_TEAM = LJQ6356456;
				GENERATE_INFOPLIST_FILE = YES;
				INFOPLIST_FILE = PW2/Info.plist;
				INFOPLIST_KEY_UIApplicationSupportsIndirectInputEvents = YES;
				INFOPLIST_KEY_UILaunchStoryboardName = LaunchScreen;
				INFOPLIST_KEY_UISupportedInterfaceOrientations_iPad = "UIInterfaceOrientationPortrait UIInterfaceOrientationPortraitUpsideDown UIInterfaceOrientationLandscapeLeft UIInterfaceOrientationLandscapeRight";
				INFOPLIST_KEY_UISupportedInterfaceOrientations_iPhone = "UIInterfaceOrientationPortrait UIInterfaceOrientationLandscapeLeft UIInterfaceOrientationLandscapeRight";
				LD_RUNPATH_SEARCH_PATHS = (
					"$(inherited)",
					"@executable_path/Frameworks",
				);
				MARKETING_VERSION = 1.0;
				PRODUCT_BUNDLE_IDENTIFIER = ru.hse.cs.PW2;
				PRODUCT_NAME = "$(TARGET_NAME)";
				SWIFT_EMIT_LOC_STRINGS = YES;
				SWIFT_VERSION = 5.0;
				TARGETED_DEVICE_FAMILY = "1,2";
			};
			name = Release;
		};
/* End XCBuildConfiguration section */

/* Begin XCConfigurationList section */
		E3DE805C2950B41D0016770A /* Build configuration list for PBXProject "PW2" */ = {
			isa = XCConfigurationList;
			buildConfigurations = (
				E3DE80732950B41E0016770A /* Debug */,
				E3DE80742950B41E0016770A /* Release */,
			);
			defaultConfigurationIsVisible = 0;
			defaultConfigurationName = Release;
		};
		E3DE80752950B41E0016770A /* Build configuration list for PBXNativeTarget "PW2" */ = {
			isa = XCConfigurationList;
			buildConfigurations = (
				E3DE80762950B41E0016770A /* Debug */,
				E3DE80772950B41E0016770A /* Release */,
			);
			defaultConfigurationIsVisible = 0;
			defaultConfigurationName = Release;
		};
/* End XCConfigurationList section */

/* Begin XCRemoteSwiftPackageReference section */
		E3DE80782950B4EC0016770A /* XCRemoteSwiftPackageReference "SnapKit" */ = {
			isa = XCRemoteSwiftPackageReference;
			repositoryURL = "https://github.com/SnapKit/SnapKit.git";
			requirement = {
				branch = develop;
				kind = branch;
			};
		};
/* End XCRemoteSwiftPackageReference section */

/* Begin XCSwiftPackageProductDependency section */
		E3DE80792950B4EC0016770A /* SnapKit */ = {
			isa = XCSwiftPackageProductDependency;
			package = E3DE80782950B4EC0016770A /* XCRemoteSwiftPackageReference "SnapKit" */;
			productName = SnapKit;
		};
/* End XCSwiftPackageProductDependency section */
	};
	rootObject = E3DE80592950B41D0016770A /* Project object */;
}
